
Microsoft Visual Studio Solution File, Format Version 12.00
# Visual Studio 15
VisualStudioVersion = 15.0.28010.2050
MinimumVisualStudioVersion = 10.0.40219.1
Project("{6EC3EE1D-3C4E-46DD-8F32-0CC8E7565705}") = "SharpFunky", "src\SharpFunky\SharpFunky.fsproj", "{5E456D5F-BEE4-4CE7-90F2-DF9D61FBC484}"
EndProject
Project("{6EC3EE1D-3C4E-46DD-8F32-0CC8E7565705}") = "SharpFunky.Azure.Storage", "src\SharpFunky.Azure.Storage\SharpFunky.Azure.Storage.fsproj", "{4313D74C-A5AF-4BE8-9649-F202D6749905}"
EndProject
Project("{2150E333-8FDC-42A3-9474-1A3956D46DE8}") = "src", "src", "{A3D108DC-E0A6-47C0-84FF-C45145AE867A}"
EndProject
Project("{2150E333-8FDC-42A3-9474-1A3956D46DE8}") = "test", "test", "{FF6BB28B-4775-4D5F-8E82-7FFD6C665C87}"
EndProject
Project("{2150E333-8FDC-42A3-9474-1A3956D46DE8}") = "samples", "samples", "{C4FBAC6F-E453-4A8A-8FCD-3C5001895320}"
EndProject
Project("{2150E333-8FDC-42A3-9474-1A3956D46DE8}") = "kvstore", "kvstore", "{3E49AE2B-4E36-41F6-8A93-C86A1BCA8930}"
EndProject
Project("{9A19103F-16F7-4668-BE54-9A1E7A4F7556}") = "KVStore.Protocols", "kvstore\KVStore.Protocols\KVStore.Protocols.csproj", "{A07C123F-1423-47D7-AD1C-6BC582AFB0D2}"
EndProject
Project("{6EC3EE1D-3C4E-46DD-8F32-0CC8E7565705}") = "KVStore.Abstractions", "kvstore\KVStore.Abstractions\KVStore.Abstractions.fsproj", "{D3CF6E20-636F-4D79-A2DF-CA1A3FCEBDC0}"
EndProject
Project("{6EC3EE1D-3C4E-46DD-8F32-0CC8E7565705}") = "KVStore.Azure.Storage", "kvstore\KVStore.Azure.Storage\KVStore.Azure.Storage.fsproj", "{2335568F-D47B-4FD0-8882-B76A4745D67F}"
EndProject
Project("{6EC3EE1D-3C4E-46DD-8F32-0CC8E7565705}") = "KVStore.Services", "kvstore\KVStore.Services\KVStore.Services.fsproj", "{7201A65C-1CE6-461B-8F41-444638755716}"
EndProject
Project("{6EC3EE1D-3C4E-46DD-8F32-0CC8E7565705}") = "KVStore.AzureBlobContainer.Host", "kvstore\KVStore.AzureBlobContainer.Host\KVStore.AzureBlobContainer.Host.fsproj", "{8E5D5D18-493F-440D-8C99-FCB94BE92EC6}"
EndProject
Project("{6EC3EE1D-3C4E-46DD-8F32-0CC8E7565705}") = "KVStore.Clients", "kvstore\KVStore.Clients\KVStore.Clients.fsproj", "{56280540-1790-40E3-B60D-924C7410160A}"
EndProject
Project("{6EC3EE1D-3C4E-46DD-8F32-0CC8E7565705}") = "KVStore.CLI", "kvstore\KVStore.CLI\KVStore.CLI.fsproj", "{480E5EE4-0BD3-405B-8C90-C89D306D20CF}"
EndProject
Project("{2150E333-8FDC-42A3-9474-1A3956D46DE8}") = "datastream", "datastream", "{93959D63-5585-4DA1-9C16-519106ECF189}"
EndProject
Project("{9A19103F-16F7-4668-BE54-9A1E7A4F7556}") = "DataStream.Protocols", "datastream\DataStream.Protocols\DataStream.Protocols.csproj", "{63BE6BB6-7367-4E04-85D9-AC2506691655}"
EndProject
Project("{6EC3EE1D-3C4E-46DD-8F32-0CC8E7565705}") = "DataStream.AzureTable.Host", "datastream\DataStream.AzureTable.Host\DataStream.AzureTable.Host.fsproj", "{A690C194-17CD-43F8-A6C8-3CE3A055C9AF}"
EndProject
Project("{6EC3EE1D-3C4E-46DD-8F32-0CC8E7565705}") = "DataStream.CLI", "datastream\DataStream.CLI\DataStream.CLI.fsproj", "{5C94273F-DCED-44FE-84AD-4D63B961CF0F}"
EndProject
Project("{6EC3EE1D-3C4E-46DD-8F32-0CC8E7565705}") = "DataStream.Abstractions", "datastream\DataStream.Abstractions\DataStream.Abstractions.fsproj", "{3430E6D0-0BF5-45B8-9FA0-61FFB08A88CF}"
EndProject
Project("{6EC3EE1D-3C4E-46DD-8F32-0CC8E7565705}") = "DataStream.Azure.Storage", "datastream\DataStream.Azure.Storage\DataStream.Azure.Storage.fsproj", "{7FB29960-504E-4C65-A4F6-BC4A68ADED8F}"
EndProject
Project("{6EC3EE1D-3C4E-46DD-8F32-0CC8E7565705}") = "DataStream.Clients", "datastream\DataStream.Clients\DataStream.Clients.fsproj", "{96299C28-00DE-45D0-9601-40D19B828C8B}"
EndProject
Project("{6EC3EE1D-3C4E-46DD-8F32-0CC8E7565705}") = "DataStream.Services", "datastream\DataStream.Services\DataStream.Services.fsproj", "{2F4CA550-653B-41A1-BD5E-FF3E89401616}"
EndProject
Project("{2150E333-8FDC-42A3-9474-1A3956D46DE8}") = "eventstore", "eventstore", "{97979473-5B86-4ED9-8844-DB388F1DF67F}"
EndProject
Project("{6EC3EE1D-3C4E-46DD-8F32-0CC8E7565705}") = "EventStore.Abstractions", "eventstore\EventStore.Abstractions\EventStore.Abstractions.fsproj", "{4BEBFDE2-1B78-4F41-85D6-B33066100E7C}"
EndProject
Project("{6EC3EE1D-3C4E-46DD-8F32-0CC8E7565705}") = "EventStore.OrleansHost", "EventStore\EventStore.OrleansHost\EventStore.OrleansHost.fsproj", "{AB53A738-6D63-48B4-B017-F76EF8C022AE}"
EndProject
Project("{6EC3EE1D-3C4E-46DD-8F32-0CC8E7565705}") = "EventStore.CLI", "EventStore\EventStore.CLI\EventStore.CLI.fsproj", "{4ED7AB87-C8E2-4CDE-835C-C03AC62D99D9}"
EndProject
Project("{6EC3EE1D-3C4E-46DD-8F32-0CC8E7565705}") = "EventStore.Clients", "EventStore\EventStore.Clients\EventStore.Clients.fsproj", "{26D5D6A7-27A2-4CEF-8A37-E9014AC7010F}"
EndProject
Project("{6EC3EE1D-3C4E-46DD-8F32-0CC8E7565705}") = "EventStore.Services", "EventStore\EventStore.Services\EventStore.Services.fsproj", "{68ACB8CA-66CE-40FB-B01B-CFCCF9B42613}"
EndProject
Project("{9A19103F-16F7-4668-BE54-9A1E7A4F7556}") = "EventStore.Protocols", "EventStore\EventStore.Protocols\EventStore.Protocols.csproj", "{025B8FF6-3652-46CA-93ED-4CA1626EAA90}"
EndProject
Project("{6EC3EE1D-3C4E-46DD-8F32-0CC8E7565705}") = "EventStore.GrainInterfaces", "eventstore\EventStore.GrainInterfaces\EventStore.GrainInterfaces.fsproj", "{6E9B8D4A-B68C-490B-912F-C3FF6975DE24}"
EndProject
Project("{6EC3EE1D-3C4E-46DD-8F32-0CC8E7565705}") = "EventStore.Grains", "eventStore\EventStore.Grains\EventStore.Grains.fsproj", "{3CCC1A1E-CBB7-415D-8CC0-3BDBED92E56C}"
EndProject
Project("{6EC3EE1D-3C4E-46DD-8F32-0CC8E7565705}") = "EventStore.GrpcHost", "EventStore\EventStore.GrpcHost\EventStore.GrpcHost.fsproj", "{F3A00580-7E46-4303-B247-635862E1C48A}"
EndProject
Project("{F2A71F9B-5D33-465A-A702-920D77279786}") = "EventStore.WebHost", "eventstore\EventStore.WebHost\EventStore.WebHost.fsproj", "{8D12B7EA-EC6D-48E3-9A88-C99F2F8651FB}"
EndProject
Global
	GlobalSection(SolutionConfigurationPlatforms) = preSolution
		Debug|Any CPU = Debug|Any CPU
		Release|Any CPU = Release|Any CPU
	EndGlobalSection
	GlobalSection(ProjectConfigurationPlatforms) = postSolution
		{5E456D5F-BEE4-4CE7-90F2-DF9D61FBC484}.Debug|Any CPU.ActiveCfg = Debug|Any CPU
		{5E456D5F-BEE4-4CE7-90F2-DF9D61FBC484}.Debug|Any CPU.Build.0 = Debug|Any CPU
		{5E456D5F-BEE4-4CE7-90F2-DF9D61FBC484}.Release|Any CPU.ActiveCfg = Release|Any CPU
		{5E456D5F-BEE4-4CE7-90F2-DF9D61FBC484}.Release|Any CPU.Build.0 = Release|Any CPU
		{4313D74C-A5AF-4BE8-9649-F202D6749905}.Debug|Any CPU.ActiveCfg = Debug|Any CPU
		{4313D74C-A5AF-4BE8-9649-F202D6749905}.Debug|Any CPU.Build.0 = Debug|Any CPU
		{4313D74C-A5AF-4BE8-9649-F202D6749905}.Release|Any CPU.ActiveCfg = Release|Any CPU
		{4313D74C-A5AF-4BE8-9649-F202D6749905}.Release|Any CPU.Build.0 = Release|Any CPU
		{A07C123F-1423-47D7-AD1C-6BC582AFB0D2}.Debug|Any CPU.ActiveCfg = Debug|Any CPU
		{A07C123F-1423-47D7-AD1C-6BC582AFB0D2}.Debug|Any CPU.Build.0 = Debug|Any CPU
		{A07C123F-1423-47D7-AD1C-6BC582AFB0D2}.Release|Any CPU.ActiveCfg = Release|Any CPU
		{A07C123F-1423-47D7-AD1C-6BC582AFB0D2}.Release|Any CPU.Build.0 = Release|Any CPU
		{D3CF6E20-636F-4D79-A2DF-CA1A3FCEBDC0}.Debug|Any CPU.ActiveCfg = Debug|Any CPU
		{D3CF6E20-636F-4D79-A2DF-CA1A3FCEBDC0}.Debug|Any CPU.Build.0 = Debug|Any CPU
		{D3CF6E20-636F-4D79-A2DF-CA1A3FCEBDC0}.Release|Any CPU.ActiveCfg = Release|Any CPU
		{D3CF6E20-636F-4D79-A2DF-CA1A3FCEBDC0}.Release|Any CPU.Build.0 = Release|Any CPU
		{2335568F-D47B-4FD0-8882-B76A4745D67F}.Debug|Any CPU.ActiveCfg = Debug|Any CPU
		{2335568F-D47B-4FD0-8882-B76A4745D67F}.Debug|Any CPU.Build.0 = Debug|Any CPU
		{2335568F-D47B-4FD0-8882-B76A4745D67F}.Release|Any CPU.ActiveCfg = Release|Any CPU
		{2335568F-D47B-4FD0-8882-B76A4745D67F}.Release|Any CPU.Build.0 = Release|Any CPU
		{7201A65C-1CE6-461B-8F41-444638755716}.Debug|Any CPU.ActiveCfg = Debug|Any CPU
		{7201A65C-1CE6-461B-8F41-444638755716}.Debug|Any CPU.Build.0 = Debug|Any CPU
		{7201A65C-1CE6-461B-8F41-444638755716}.Release|Any CPU.ActiveCfg = Release|Any CPU
		{7201A65C-1CE6-461B-8F41-444638755716}.Release|Any CPU.Build.0 = Release|Any CPU
		{8E5D5D18-493F-440D-8C99-FCB94BE92EC6}.Debug|Any CPU.ActiveCfg = Debug|Any CPU
		{8E5D5D18-493F-440D-8C99-FCB94BE92EC6}.Debug|Any CPU.Build.0 = Debug|Any CPU
		{8E5D5D18-493F-440D-8C99-FCB94BE92EC6}.Release|Any CPU.ActiveCfg = Release|Any CPU
		{8E5D5D18-493F-440D-8C99-FCB94BE92EC6}.Release|Any CPU.Build.0 = Release|Any CPU
		{56280540-1790-40E3-B60D-924C7410160A}.Debug|Any CPU.ActiveCfg = Debug|Any CPU
		{56280540-1790-40E3-B60D-924C7410160A}.Debug|Any CPU.Build.0 = Debug|Any CPU
		{56280540-1790-40E3-B60D-924C7410160A}.Release|Any CPU.ActiveCfg = Release|Any CPU
		{56280540-1790-40E3-B60D-924C7410160A}.Release|Any CPU.Build.0 = Release|Any CPU
		{480E5EE4-0BD3-405B-8C90-C89D306D20CF}.Debug|Any CPU.ActiveCfg = Debug|Any CPU
		{480E5EE4-0BD3-405B-8C90-C89D306D20CF}.Debug|Any CPU.Build.0 = Debug|Any CPU
		{480E5EE4-0BD3-405B-8C90-C89D306D20CF}.Release|Any CPU.ActiveCfg = Release|Any CPU
		{480E5EE4-0BD3-405B-8C90-C89D306D20CF}.Release|Any CPU.Build.0 = Release|Any CPU
		{63BE6BB6-7367-4E04-85D9-AC2506691655}.Debug|Any CPU.ActiveCfg = Debug|Any CPU
		{63BE6BB6-7367-4E04-85D9-AC2506691655}.Debug|Any CPU.Build.0 = Debug|Any CPU
		{63BE6BB6-7367-4E04-85D9-AC2506691655}.Release|Any CPU.ActiveCfg = Release|Any CPU
		{63BE6BB6-7367-4E04-85D9-AC2506691655}.Release|Any CPU.Build.0 = Release|Any CPU
		{A690C194-17CD-43F8-A6C8-3CE3A055C9AF}.Debug|Any CPU.ActiveCfg = Debug|Any CPU
		{A690C194-17CD-43F8-A6C8-3CE3A055C9AF}.Debug|Any CPU.Build.0 = Debug|Any CPU
		{A690C194-17CD-43F8-A6C8-3CE3A055C9AF}.Release|Any CPU.ActiveCfg = Release|Any CPU
		{A690C194-17CD-43F8-A6C8-3CE3A055C9AF}.Release|Any CPU.Build.0 = Release|Any CPU
		{5C94273F-DCED-44FE-84AD-4D63B961CF0F}.Debug|Any CPU.ActiveCfg = Debug|Any CPU
		{5C94273F-DCED-44FE-84AD-4D63B961CF0F}.Debug|Any CPU.Build.0 = Debug|Any CPU
		{5C94273F-DCED-44FE-84AD-4D63B961CF0F}.Release|Any CPU.ActiveCfg = Release|Any CPU
		{5C94273F-DCED-44FE-84AD-4D63B961CF0F}.Release|Any CPU.Build.0 = Release|Any CPU
		{3430E6D0-0BF5-45B8-9FA0-61FFB08A88CF}.Debug|Any CPU.ActiveCfg = Debug|Any CPU
		{3430E6D0-0BF5-45B8-9FA0-61FFB08A88CF}.Debug|Any CPU.Build.0 = Debug|Any CPU
		{3430E6D0-0BF5-45B8-9FA0-61FFB08A88CF}.Release|Any CPU.ActiveCfg = Release|Any CPU
		{3430E6D0-0BF5-45B8-9FA0-61FFB08A88CF}.Release|Any CPU.Build.0 = Release|Any CPU
		{7FB29960-504E-4C65-A4F6-BC4A68ADED8F}.Debug|Any CPU.ActiveCfg = Debug|Any CPU
		{7FB29960-504E-4C65-A4F6-BC4A68ADED8F}.Debug|Any CPU.Build.0 = Debug|Any CPU
		{7FB29960-504E-4C65-A4F6-BC4A68ADED8F}.Release|Any CPU.ActiveCfg = Release|Any CPU
		{7FB29960-504E-4C65-A4F6-BC4A68ADED8F}.Release|Any CPU.Build.0 = Release|Any CPU
		{96299C28-00DE-45D0-9601-40D19B828C8B}.Debug|Any CPU.ActiveCfg = Debug|Any CPU
		{96299C28-00DE-45D0-9601-40D19B828C8B}.Debug|Any CPU.Build.0 = Debug|Any CPU
		{96299C28-00DE-45D0-9601-40D19B828C8B}.Release|Any CPU.ActiveCfg = Release|Any CPU
		{96299C28-00DE-45D0-9601-40D19B828C8B}.Release|Any CPU.Build.0 = Release|Any CPU
		{2F4CA550-653B-41A1-BD5E-FF3E89401616}.Debug|Any CPU.ActiveCfg = Debug|Any CPU
		{2F4CA550-653B-41A1-BD5E-FF3E89401616}.Debug|Any CPU.Build.0 = Debug|Any CPU
		{2F4CA550-653B-41A1-BD5E-FF3E89401616}.Release|Any CPU.ActiveCfg = Release|Any CPU
		{2F4CA550-653B-41A1-BD5E-FF3E89401616}.Release|Any CPU.Build.0 = Release|Any CPU
		{4BEBFDE2-1B78-4F41-85D6-B33066100E7C}.Debug|Any CPU.ActiveCfg = Debug|Any CPU
		{4BEBFDE2-1B78-4F41-85D6-B33066100E7C}.Debug|Any CPU.Build.0 = Debug|Any CPU
		{4BEBFDE2-1B78-4F41-85D6-B33066100E7C}.Release|Any CPU.ActiveCfg = Release|Any CPU
		{4BEBFDE2-1B78-4F41-85D6-B33066100E7C}.Release|Any CPU.Build.0 = Release|Any CPU
		{AB53A738-6D63-48B4-B017-F76EF8C022AE}.Debug|Any CPU.ActiveCfg = Debug|Any CPU
		{AB53A738-6D63-48B4-B017-F76EF8C022AE}.Debug|Any CPU.Build.0 = Debug|Any CPU
		{AB53A738-6D63-48B4-B017-F76EF8C022AE}.Release|Any CPU.ActiveCfg = Release|Any CPU
		{AB53A738-6D63-48B4-B017-F76EF8C022AE}.Release|Any CPU.Build.0 = Release|Any CPU
		{4ED7AB87-C8E2-4CDE-835C-C03AC62D99D9}.Debug|Any CPU.ActiveCfg = Debug|Any CPU
		{4ED7AB87-C8E2-4CDE-835C-C03AC62D99D9}.Debug|Any CPU.Build.0 = Debug|Any CPU
		{4ED7AB87-C8E2-4CDE-835C-C03AC62D99D9}.Release|Any CPU.ActiveCfg = Release|Any CPU
		{4ED7AB87-C8E2-4CDE-835C-C03AC62D99D9}.Release|Any CPU.Build.0 = Release|Any CPU
		{26D5D6A7-27A2-4CEF-8A37-E9014AC7010F}.Debug|Any CPU.ActiveCfg = Debug|Any CPU
		{26D5D6A7-27A2-4CEF-8A37-E9014AC7010F}.Debug|Any CPU.Build.0 = Debug|Any CPU
		{26D5D6A7-27A2-4CEF-8A37-E9014AC7010F}.Release|Any CPU.ActiveCfg = Release|Any CPU
		{26D5D6A7-27A2-4CEF-8A37-E9014AC7010F}.Release|Any CPU.Build.0 = Release|Any CPU
		{68ACB8CA-66CE-40FB-B01B-CFCCF9B42613}.Debug|Any CPU.ActiveCfg = Debug|Any CPU
		{68ACB8CA-66CE-40FB-B01B-CFCCF9B42613}.Debug|Any CPU.Build.0 = Debug|Any CPU
		{68ACB8CA-66CE-40FB-B01B-CFCCF9B42613}.Release|Any CPU.ActiveCfg = Release|Any CPU
		{68ACB8CA-66CE-40FB-B01B-CFCCF9B42613}.Release|Any CPU.Build.0 = Release|Any CPU
		{025B8FF6-3652-46CA-93ED-4CA1626EAA90}.Debug|Any CPU.ActiveCfg = Debug|Any CPU
		{025B8FF6-3652-46CA-93ED-4CA1626EAA90}.Debug|Any CPU.Build.0 = Debug|Any CPU
		{025B8FF6-3652-46CA-93ED-4CA1626EAA90}.Release|Any CPU.ActiveCfg = Release|Any CPU
		{025B8FF6-3652-46CA-93ED-4CA1626EAA90}.Release|Any CPU.Build.0 = Release|Any CPU
		{6E9B8D4A-B68C-490B-912F-C3FF6975DE24}.Debug|Any CPU.ActiveCfg = Debug|Any CPU
		{6E9B8D4A-B68C-490B-912F-C3FF6975DE24}.Debug|Any CPU.Build.0 = Debug|Any CPU
		{6E9B8D4A-B68C-490B-912F-C3FF6975DE24}.Release|Any CPU.ActiveCfg = Release|Any CPU
		{6E9B8D4A-B68C-490B-912F-C3FF6975DE24}.Release|Any CPU.Build.0 = Release|Any CPU
		{3CCC1A1E-CBB7-415D-8CC0-3BDBED92E56C}.Debug|Any CPU.ActiveCfg = Debug|Any CPU
		{3CCC1A1E-CBB7-415D-8CC0-3BDBED92E56C}.Debug|Any CPU.Build.0 = Debug|Any CPU
		{3CCC1A1E-CBB7-415D-8CC0-3BDBED92E56C}.Release|Any CPU.ActiveCfg = Release|Any CPU
		{3CCC1A1E-CBB7-415D-8CC0-3BDBED92E56C}.Release|Any CPU.Build.0 = Release|Any CPU
		{F3A00580-7E46-4303-B247-635862E1C48A}.Debug|Any CPU.ActiveCfg = Debug|Any CPU
		{F3A00580-7E46-4303-B247-635862E1C48A}.Debug|Any CPU.Build.0 = Debug|Any CPU
		{F3A00580-7E46-4303-B247-635862E1C48A}.Release|Any CPU.ActiveCfg = Release|Any CPU
		{F3A00580-7E46-4303-B247-635862E1C48A}.Release|Any CPU.Build.0 = Release|Any CPU
		{8D12B7EA-EC6D-48E3-9A88-C99F2F8651FB}.Debug|Any CPU.ActiveCfg = Debug|Any CPU
		{8D12B7EA-EC6D-48E3-9A88-C99F2F8651FB}.Debug|Any CPU.Build.0 = Debug|Any CPU
		{8D12B7EA-EC6D-48E3-9A88-C99F2F8651FB}.Release|Any CPU.ActiveCfg = Release|Any CPU
		{8D12B7EA-EC6D-48E3-9A88-C99F2F8651FB}.Release|Any CPU.Build.0 = Release|Any CPU
	EndGlobalSection
	GlobalSection(SolutionProperties) = preSolution
		HideSolutionNode = FALSE
	EndGlobalSection
	GlobalSection(NestedProjects) = preSolution
		{5E456D5F-BEE4-4CE7-90F2-DF9D61FBC484} = {A3D108DC-E0A6-47C0-84FF-C45145AE867A}
		{4313D74C-A5AF-4BE8-9649-F202D6749905} = {A3D108DC-E0A6-47C0-84FF-C45145AE867A}
		{A07C123F-1423-47D7-AD1C-6BC582AFB0D2} = {3E49AE2B-4E36-41F6-8A93-C86A1BCA8930}
		{D3CF6E20-636F-4D79-A2DF-CA1A3FCEBDC0} = {3E49AE2B-4E36-41F6-8A93-C86A1BCA8930}
		{2335568F-D47B-4FD0-8882-B76A4745D67F} = {3E49AE2B-4E36-41F6-8A93-C86A1BCA8930}
		{7201A65C-1CE6-461B-8F41-444638755716} = {3E49AE2B-4E36-41F6-8A93-C86A1BCA8930}
		{8E5D5D18-493F-440D-8C99-FCB94BE92EC6} = {3E49AE2B-4E36-41F6-8A93-C86A1BCA8930}
		{56280540-1790-40E3-B60D-924C7410160A} = {3E49AE2B-4E36-41F6-8A93-C86A1BCA8930}
		{480E5EE4-0BD3-405B-8C90-C89D306D20CF} = {3E49AE2B-4E36-41F6-8A93-C86A1BCA8930}
		{63BE6BB6-7367-4E04-85D9-AC2506691655} = {93959D63-5585-4DA1-9C16-519106ECF189}
		{A690C194-17CD-43F8-A6C8-3CE3A055C9AF} = {93959D63-5585-4DA1-9C16-519106ECF189}
		{5C94273F-DCED-44FE-84AD-4D63B961CF0F} = {93959D63-5585-4DA1-9C16-519106ECF189}
		{3430E6D0-0BF5-45B8-9FA0-61FFB08A88CF} = {93959D63-5585-4DA1-9C16-519106ECF189}
		{7FB29960-504E-4C65-A4F6-BC4A68ADED8F} = {93959D63-5585-4DA1-9C16-519106ECF189}
		{96299C28-00DE-45D0-9601-40D19B828C8B} = {93959D63-5585-4DA1-9C16-519106ECF189}
		{2F4CA550-653B-41A1-BD5E-FF3E89401616} = {93959D63-5585-4DA1-9C16-519106ECF189}
		{4BEBFDE2-1B78-4F41-85D6-B33066100E7C} = {97979473-5B86-4ED9-8844-DB388F1DF67F}
		{AB53A738-6D63-48B4-B017-F76EF8C022AE} = {97979473-5B86-4ED9-8844-DB388F1DF67F}
		{4ED7AB87-C8E2-4CDE-835C-C03AC62D99D9} = {97979473-5B86-4ED9-8844-DB388F1DF67F}
		{26D5D6A7-27A2-4CEF-8A37-E9014AC7010F} = {97979473-5B86-4ED9-8844-DB388F1DF67F}
		{68ACB8CA-66CE-40FB-B01B-CFCCF9B42613} = {97979473-5B86-4ED9-8844-DB388F1DF67F}
		{025B8FF6-3652-46CA-93ED-4CA1626EAA90} = {97979473-5B86-4ED9-8844-DB388F1DF67F}
		{6E9B8D4A-B68C-490B-912F-C3FF6975DE24} = {97979473-5B86-4ED9-8844-DB388F1DF67F}
		{3CCC1A1E-CBB7-415D-8CC0-3BDBED92E56C} = {97979473-5B86-4ED9-8844-DB388F1DF67F}
		{F3A00580-7E46-4303-B247-635862E1C48A} = {97979473-5B86-4ED9-8844-DB388F1DF67F}
		{8D12B7EA-EC6D-48E3-9A88-C99F2F8651FB} = {97979473-5B86-4ED9-8844-DB388F1DF67F}
	EndGlobalSection
	GlobalSection(ExtensibilityGlobals) = postSolution
		SolutionGuid = {AA95AA36-9D50-4834-B4BB-BCCCA76D8D85}
	EndGlobalSection
EndGlobal
