
Microsoft Visual Studio Solution File, Format Version 12.00
# Visual Studio 15
VisualStudioVersion = 15.0.28010.2050
MinimumVisualStudioVersion = 10.0.40219.1
Project("{6EC3EE1D-3C4E-46DD-8F32-0CC8E7565705}") = "SharpFunky", "src\SharpFunky\SharpFunky.fsproj", "{5E456D5F-BEE4-4CE7-90F2-DF9D61FBC484}"
EndProject
Project("{6EC3EE1D-3C4E-46DD-8F32-0CC8E7565705}") = "SharpFunky.Abstractions", "src\SharpFunky.Abstractions\SharpFunky.Abstractions.fsproj", "{4C8783A3-7B38-466D-8181-84B06974BB97}"
EndProject
Project("{6EC3EE1D-3C4E-46DD-8F32-0CC8E7565705}") = "SharpFunky.Azure.ServiceBus", "src\SharpFunky.Azure.ServiceBus\SharpFunky.Azure.ServiceBus.fsproj", "{254E7169-FD6D-4481-AEBA-D73C52221E7F}"
EndProject
Project("{6EC3EE1D-3C4E-46DD-8F32-0CC8E7565705}") = "SharpFunky.Azure.Storage", "src\SharpFunky.Azure.Storage\SharpFunky.Azure.Storage.fsproj", "{4313D74C-A5AF-4BE8-9649-F202D6749905}"
EndProject
Project("{6EC3EE1D-3C4E-46DD-8F32-0CC8E7565705}") = "SharpFunky.Mongo", "src\SharpFunky.Mongo\SharpFunky.Mongo.fsproj", "{5B99288C-7DA1-485D-89E4-810B250ED828}"
EndProject
Project("{6EC3EE1D-3C4E-46DD-8F32-0CC8E7565705}") = "SharpFunky.NATS", "src\SharpFunky.NATS\SharpFunky.NATS.fsproj", "{2BA40817-93C1-4B20-8B8E-5A67AF437D92}"
EndProject
Project("{2150E333-8FDC-42A3-9474-1A3956D46DE8}") = "src", "src", "{A3D108DC-E0A6-47C0-84FF-C45145AE867A}"
EndProject
Project("{2150E333-8FDC-42A3-9474-1A3956D46DE8}") = "test", "test", "{FF6BB28B-4775-4D5F-8E82-7FFD6C665C87}"
EndProject
Project("{2150E333-8FDC-42A3-9474-1A3956D46DE8}") = "samples", "samples", "{C4FBAC6F-E453-4A8A-8FCD-3C5001895320}"
EndProject
Project("{6EC3EE1D-3C4E-46DD-8F32-0CC8E7565705}") = "TestingConsole", "samples\TestingConsole\TestingConsole.fsproj", "{67A8CE98-A6E2-45E0-A4D8-6656B9EDEAE7}"
EndProject
Project("{2150E333-8FDC-42A3-9474-1A3956D46DE8}") = "servers", "servers", "{415825A5-8E4D-440E-909F-30F80AC16AC8}"
EndProject
Project("{6EC3EE1D-3C4E-46DD-8F32-0CC8E7565705}") = "SharpFunky.EventServer.Host", "servers\SharpFunky.EventServer.Host\SharpFunky.EventServer.Host.fsproj", "{82E023AD-1DD9-4E56-9A7E-3067720247BB}"
EndProject
Project("{6EC3EE1D-3C4E-46DD-8F32-0CC8E7565705}") = "SharpFunky.EventServer.Interfaces", "servers\SharpFunky.EventServer.Interfaces\SharpFunky.EventServer.Interfaces.fsproj", "{BC06A4FD-40D5-46F4-BE25-1045EFD0B354}"
EndProject
Project("{6EC3EE1D-3C4E-46DD-8F32-0CC8E7565705}") = "SharpFunky.EventServer.Grains", "servers\SharpFunky.EventServer.Grains\SharpFunky.EventServer.Grains.fsproj", "{0DE2736A-EF9A-41E6-90CF-444710E1187C}"
EndProject
Project("{6EC3EE1D-3C4E-46DD-8F32-0CC8E7565705}") = "SharpFunky.EventServer.ReplClient", "servers\SharpFunky.EventServer.ReplClient\SharpFunky.EventServer.ReplClient.fsproj", "{26451B34-6407-4BDE-B563-D3E790D548D3}"
EndProject
Project("{2150E333-8FDC-42A3-9474-1A3956D46DE8}") = "kvstore", "kvstore", "{3E49AE2B-4E36-41F6-8A93-C86A1BCA8930}"
EndProject
Project("{9A19103F-16F7-4668-BE54-9A1E7A4F7556}") = "KVStore.Protocols", "kvstore\KVStore.Protocols\KVStore.Protocols.csproj", "{A07C123F-1423-47D7-AD1C-6BC582AFB0D2}"
EndProject
Project("{6EC3EE1D-3C4E-46DD-8F32-0CC8E7565705}") = "KVStore.Abstractions", "kvstore\KVStore.Abstractions\KVStore.Abstractions.fsproj", "{D3CF6E20-636F-4D79-A2DF-CA1A3FCEBDC0}"
EndProject
Project("{6EC3EE1D-3C4E-46DD-8F32-0CC8E7565705}") = "KVStore.Azure.Storage", "kvstore\KVStore.Azure.Storage\KVStore.Azure.Storage.fsproj", "{2335568F-D47B-4FD0-8882-B76A4745D67F}"
EndProject
Project("{6EC3EE1D-3C4E-46DD-8F32-0CC8E7565705}") = "KVStore.Services", "kvstore\KVStore.Services\KVStore.Services.fsproj", "{7201A65C-1CE6-461B-8F41-444638755716}"
EndProject
Project("{6EC3EE1D-3C4E-46DD-8F32-0CC8E7565705}") = "SharpFunky.EventServer.Azure.Grains", "servers\SharpFunky.EventServer.Azure.Grains\SharpFunky.EventServer.Azure.Grains.fsproj", "{2DC53609-69A1-45FE-A4A3-DBEBE7713AE9}"
EndProject
Project("{6EC3EE1D-3C4E-46DD-8F32-0CC8E7565705}") = "KVStore.AzureBlobContainer.Host", "kvstore\KVStore.AzureBlobContainer.Host\KVStore.AzureBlobContainer.Host.fsproj", "{8E5D5D18-493F-440D-8C99-FCB94BE92EC6}"
EndProject
Project("{6EC3EE1D-3C4E-46DD-8F32-0CC8E7565705}") = "KVStore.Clients", "kvstore\KVStore.Clients\KVStore.Clients.fsproj", "{56280540-1790-40E3-B60D-924C7410160A}"
EndProject
Project("{6EC3EE1D-3C4E-46DD-8F32-0CC8E7565705}") = "KVStore.CLI", "kvstore\KVStore.CLI\KVStore.CLI.fsproj", "{480E5EE4-0BD3-405B-8C90-C89D306D20CF}"
EndProject
Project("{2150E333-8FDC-42A3-9474-1A3956D46DE8}") = "topics", "topics", "{8CB09DF4-2AB6-4F07-BD43-D07808BE3B53}"
EndProject
Project("{F2A71F9B-5D33-465A-A702-920D77279786}") = "Topics.Abstractions", "topics\Topics.Abstractions\Topics.Abstractions.fsproj", "{215D8440-E505-4541-AD6E-2FA67ECF7249}"
EndProject
Project("{F2A71F9B-5D33-465A-A702-920D77279786}") = "Topics.Azure.Storage", "topics\Topics.Azure.Storage\Topics.Azure.Storage.fsproj", "{1A50FC85-4202-46CB-AD16-72AC2F9259D6}"
EndProject
Project("{F2A71F9B-5D33-465A-A702-920D77279786}") = "Topics.AzureTables.Host", "topics\Topics.AzureTables.Host\Topics.AzureTables.Host.fsproj", "{52B52A3D-009A-42AA-994A-E1C11C7B9A28}"
EndProject
Project("{F2A71F9B-5D33-465A-A702-920D77279786}") = "Topics.CLI", "topics\Topics.CLI\Topics.CLI.fsproj", "{2D9A08DD-76BE-48EA-9165-DB1B9D0EABE7}"
EndProject
Project("{F2A71F9B-5D33-465A-A702-920D77279786}") = "Topics.Clients", "topics\Topics.Clients\Topics.Clients.fsproj", "{054DD65B-5BCB-4BB3-B8E3-7EDFB8806982}"
EndProject
Project("{F2A71F9B-5D33-465A-A702-920D77279786}") = "Topics.Services", "topics\Topics.Services\Topics.Services.fsproj", "{BE057A69-51C8-4518-8B8E-7E7D8956B959}"
EndProject
Project("{FAE04EC0-301F-11D3-BF4B-00C04F79EFBC}") = "Topics.Protocols", "topics\Topics.Protocols\Topics.Protocols.csproj", "{84BCDCFC-9166-4943-888D-E64E870E9A02}"
EndProject
Global
	GlobalSection(SolutionConfigurationPlatforms) = preSolution
		Debug|Any CPU = Debug|Any CPU
		Release|Any CPU = Release|Any CPU
	EndGlobalSection
	GlobalSection(ProjectConfigurationPlatforms) = postSolution
		{5E456D5F-BEE4-4CE7-90F2-DF9D61FBC484}.Debug|Any CPU.ActiveCfg = Debug|Any CPU
		{5E456D5F-BEE4-4CE7-90F2-DF9D61FBC484}.Debug|Any CPU.Build.0 = Debug|Any CPU
		{5E456D5F-BEE4-4CE7-90F2-DF9D61FBC484}.Release|Any CPU.ActiveCfg = Release|Any CPU
		{5E456D5F-BEE4-4CE7-90F2-DF9D61FBC484}.Release|Any CPU.Build.0 = Release|Any CPU
		{4C8783A3-7B38-466D-8181-84B06974BB97}.Debug|Any CPU.ActiveCfg = Debug|Any CPU
		{4C8783A3-7B38-466D-8181-84B06974BB97}.Debug|Any CPU.Build.0 = Debug|Any CPU
		{4C8783A3-7B38-466D-8181-84B06974BB97}.Release|Any CPU.ActiveCfg = Release|Any CPU
		{4C8783A3-7B38-466D-8181-84B06974BB97}.Release|Any CPU.Build.0 = Release|Any CPU
		{254E7169-FD6D-4481-AEBA-D73C52221E7F}.Debug|Any CPU.ActiveCfg = Debug|Any CPU
		{254E7169-FD6D-4481-AEBA-D73C52221E7F}.Debug|Any CPU.Build.0 = Debug|Any CPU
		{254E7169-FD6D-4481-AEBA-D73C52221E7F}.Release|Any CPU.ActiveCfg = Release|Any CPU
		{254E7169-FD6D-4481-AEBA-D73C52221E7F}.Release|Any CPU.Build.0 = Release|Any CPU
		{4313D74C-A5AF-4BE8-9649-F202D6749905}.Debug|Any CPU.ActiveCfg = Debug|Any CPU
		{4313D74C-A5AF-4BE8-9649-F202D6749905}.Debug|Any CPU.Build.0 = Debug|Any CPU
		{4313D74C-A5AF-4BE8-9649-F202D6749905}.Release|Any CPU.ActiveCfg = Release|Any CPU
		{4313D74C-A5AF-4BE8-9649-F202D6749905}.Release|Any CPU.Build.0 = Release|Any CPU
		{5B99288C-7DA1-485D-89E4-810B250ED828}.Debug|Any CPU.ActiveCfg = Debug|Any CPU
		{5B99288C-7DA1-485D-89E4-810B250ED828}.Debug|Any CPU.Build.0 = Debug|Any CPU
		{5B99288C-7DA1-485D-89E4-810B250ED828}.Release|Any CPU.ActiveCfg = Release|Any CPU
		{5B99288C-7DA1-485D-89E4-810B250ED828}.Release|Any CPU.Build.0 = Release|Any CPU
		{2BA40817-93C1-4B20-8B8E-5A67AF437D92}.Debug|Any CPU.ActiveCfg = Debug|Any CPU
		{2BA40817-93C1-4B20-8B8E-5A67AF437D92}.Debug|Any CPU.Build.0 = Debug|Any CPU
		{2BA40817-93C1-4B20-8B8E-5A67AF437D92}.Release|Any CPU.ActiveCfg = Release|Any CPU
		{2BA40817-93C1-4B20-8B8E-5A67AF437D92}.Release|Any CPU.Build.0 = Release|Any CPU
		{67A8CE98-A6E2-45E0-A4D8-6656B9EDEAE7}.Debug|Any CPU.ActiveCfg = Debug|Any CPU
		{67A8CE98-A6E2-45E0-A4D8-6656B9EDEAE7}.Debug|Any CPU.Build.0 = Debug|Any CPU
		{67A8CE98-A6E2-45E0-A4D8-6656B9EDEAE7}.Release|Any CPU.ActiveCfg = Release|Any CPU
		{67A8CE98-A6E2-45E0-A4D8-6656B9EDEAE7}.Release|Any CPU.Build.0 = Release|Any CPU
		{82E023AD-1DD9-4E56-9A7E-3067720247BB}.Debug|Any CPU.ActiveCfg = Debug|Any CPU
		{82E023AD-1DD9-4E56-9A7E-3067720247BB}.Debug|Any CPU.Build.0 = Debug|Any CPU
		{82E023AD-1DD9-4E56-9A7E-3067720247BB}.Release|Any CPU.ActiveCfg = Release|Any CPU
		{82E023AD-1DD9-4E56-9A7E-3067720247BB}.Release|Any CPU.Build.0 = Release|Any CPU
		{BC06A4FD-40D5-46F4-BE25-1045EFD0B354}.Debug|Any CPU.ActiveCfg = Debug|Any CPU
		{BC06A4FD-40D5-46F4-BE25-1045EFD0B354}.Debug|Any CPU.Build.0 = Debug|Any CPU
		{BC06A4FD-40D5-46F4-BE25-1045EFD0B354}.Release|Any CPU.ActiveCfg = Release|Any CPU
		{BC06A4FD-40D5-46F4-BE25-1045EFD0B354}.Release|Any CPU.Build.0 = Release|Any CPU
		{0DE2736A-EF9A-41E6-90CF-444710E1187C}.Debug|Any CPU.ActiveCfg = Debug|Any CPU
		{0DE2736A-EF9A-41E6-90CF-444710E1187C}.Debug|Any CPU.Build.0 = Debug|Any CPU
		{0DE2736A-EF9A-41E6-90CF-444710E1187C}.Release|Any CPU.ActiveCfg = Release|Any CPU
		{0DE2736A-EF9A-41E6-90CF-444710E1187C}.Release|Any CPU.Build.0 = Release|Any CPU
		{26451B34-6407-4BDE-B563-D3E790D548D3}.Debug|Any CPU.ActiveCfg = Debug|Any CPU
		{26451B34-6407-4BDE-B563-D3E790D548D3}.Debug|Any CPU.Build.0 = Debug|Any CPU
		{26451B34-6407-4BDE-B563-D3E790D548D3}.Release|Any CPU.ActiveCfg = Release|Any CPU
		{26451B34-6407-4BDE-B563-D3E790D548D3}.Release|Any CPU.Build.0 = Release|Any CPU
		{A07C123F-1423-47D7-AD1C-6BC582AFB0D2}.Debug|Any CPU.ActiveCfg = Debug|Any CPU
		{A07C123F-1423-47D7-AD1C-6BC582AFB0D2}.Debug|Any CPU.Build.0 = Debug|Any CPU
		{A07C123F-1423-47D7-AD1C-6BC582AFB0D2}.Release|Any CPU.ActiveCfg = Release|Any CPU
		{A07C123F-1423-47D7-AD1C-6BC582AFB0D2}.Release|Any CPU.Build.0 = Release|Any CPU
		{D3CF6E20-636F-4D79-A2DF-CA1A3FCEBDC0}.Debug|Any CPU.ActiveCfg = Debug|Any CPU
		{D3CF6E20-636F-4D79-A2DF-CA1A3FCEBDC0}.Debug|Any CPU.Build.0 = Debug|Any CPU
		{D3CF6E20-636F-4D79-A2DF-CA1A3FCEBDC0}.Release|Any CPU.ActiveCfg = Release|Any CPU
		{D3CF6E20-636F-4D79-A2DF-CA1A3FCEBDC0}.Release|Any CPU.Build.0 = Release|Any CPU
		{2335568F-D47B-4FD0-8882-B76A4745D67F}.Debug|Any CPU.ActiveCfg = Debug|Any CPU
		{2335568F-D47B-4FD0-8882-B76A4745D67F}.Debug|Any CPU.Build.0 = Debug|Any CPU
		{2335568F-D47B-4FD0-8882-B76A4745D67F}.Release|Any CPU.ActiveCfg = Release|Any CPU
		{2335568F-D47B-4FD0-8882-B76A4745D67F}.Release|Any CPU.Build.0 = Release|Any CPU
		{7201A65C-1CE6-461B-8F41-444638755716}.Debug|Any CPU.ActiveCfg = Debug|Any CPU
		{7201A65C-1CE6-461B-8F41-444638755716}.Debug|Any CPU.Build.0 = Debug|Any CPU
		{7201A65C-1CE6-461B-8F41-444638755716}.Release|Any CPU.ActiveCfg = Release|Any CPU
		{7201A65C-1CE6-461B-8F41-444638755716}.Release|Any CPU.Build.0 = Release|Any CPU
		{2DC53609-69A1-45FE-A4A3-DBEBE7713AE9}.Debug|Any CPU.ActiveCfg = Debug|Any CPU
		{2DC53609-69A1-45FE-A4A3-DBEBE7713AE9}.Debug|Any CPU.Build.0 = Debug|Any CPU
		{2DC53609-69A1-45FE-A4A3-DBEBE7713AE9}.Release|Any CPU.ActiveCfg = Release|Any CPU
		{2DC53609-69A1-45FE-A4A3-DBEBE7713AE9}.Release|Any CPU.Build.0 = Release|Any CPU
		{8E5D5D18-493F-440D-8C99-FCB94BE92EC6}.Debug|Any CPU.ActiveCfg = Debug|Any CPU
		{8E5D5D18-493F-440D-8C99-FCB94BE92EC6}.Debug|Any CPU.Build.0 = Debug|Any CPU
		{8E5D5D18-493F-440D-8C99-FCB94BE92EC6}.Release|Any CPU.ActiveCfg = Release|Any CPU
		{8E5D5D18-493F-440D-8C99-FCB94BE92EC6}.Release|Any CPU.Build.0 = Release|Any CPU
		{56280540-1790-40E3-B60D-924C7410160A}.Debug|Any CPU.ActiveCfg = Debug|Any CPU
		{56280540-1790-40E3-B60D-924C7410160A}.Debug|Any CPU.Build.0 = Debug|Any CPU
		{56280540-1790-40E3-B60D-924C7410160A}.Release|Any CPU.ActiveCfg = Release|Any CPU
		{56280540-1790-40E3-B60D-924C7410160A}.Release|Any CPU.Build.0 = Release|Any CPU
		{480E5EE4-0BD3-405B-8C90-C89D306D20CF}.Debug|Any CPU.ActiveCfg = Debug|Any CPU
		{480E5EE4-0BD3-405B-8C90-C89D306D20CF}.Debug|Any CPU.Build.0 = Debug|Any CPU
		{480E5EE4-0BD3-405B-8C90-C89D306D20CF}.Release|Any CPU.ActiveCfg = Release|Any CPU
		{480E5EE4-0BD3-405B-8C90-C89D306D20CF}.Release|Any CPU.Build.0 = Release|Any CPU
		{215D8440-E505-4541-AD6E-2FA67ECF7249}.Debug|Any CPU.ActiveCfg = Debug|Any CPU
		{215D8440-E505-4541-AD6E-2FA67ECF7249}.Debug|Any CPU.Build.0 = Debug|Any CPU
		{215D8440-E505-4541-AD6E-2FA67ECF7249}.Release|Any CPU.ActiveCfg = Release|Any CPU
		{215D8440-E505-4541-AD6E-2FA67ECF7249}.Release|Any CPU.Build.0 = Release|Any CPU
		{1A50FC85-4202-46CB-AD16-72AC2F9259D6}.Debug|Any CPU.ActiveCfg = Debug|Any CPU
		{1A50FC85-4202-46CB-AD16-72AC2F9259D6}.Debug|Any CPU.Build.0 = Debug|Any CPU
		{1A50FC85-4202-46CB-AD16-72AC2F9259D6}.Release|Any CPU.ActiveCfg = Release|Any CPU
		{1A50FC85-4202-46CB-AD16-72AC2F9259D6}.Release|Any CPU.Build.0 = Release|Any CPU
		{52B52A3D-009A-42AA-994A-E1C11C7B9A28}.Debug|Any CPU.ActiveCfg = Debug|Any CPU
		{52B52A3D-009A-42AA-994A-E1C11C7B9A28}.Debug|Any CPU.Build.0 = Debug|Any CPU
		{52B52A3D-009A-42AA-994A-E1C11C7B9A28}.Release|Any CPU.ActiveCfg = Release|Any CPU
		{52B52A3D-009A-42AA-994A-E1C11C7B9A28}.Release|Any CPU.Build.0 = Release|Any CPU
		{2D9A08DD-76BE-48EA-9165-DB1B9D0EABE7}.Debug|Any CPU.ActiveCfg = Debug|Any CPU
		{2D9A08DD-76BE-48EA-9165-DB1B9D0EABE7}.Debug|Any CPU.Build.0 = Debug|Any CPU
		{2D9A08DD-76BE-48EA-9165-DB1B9D0EABE7}.Release|Any CPU.ActiveCfg = Release|Any CPU
		{2D9A08DD-76BE-48EA-9165-DB1B9D0EABE7}.Release|Any CPU.Build.0 = Release|Any CPU
		{054DD65B-5BCB-4BB3-B8E3-7EDFB8806982}.Debug|Any CPU.ActiveCfg = Debug|Any CPU
		{054DD65B-5BCB-4BB3-B8E3-7EDFB8806982}.Debug|Any CPU.Build.0 = Debug|Any CPU
		{054DD65B-5BCB-4BB3-B8E3-7EDFB8806982}.Release|Any CPU.ActiveCfg = Release|Any CPU
		{054DD65B-5BCB-4BB3-B8E3-7EDFB8806982}.Release|Any CPU.Build.0 = Release|Any CPU
		{BE057A69-51C8-4518-8B8E-7E7D8956B959}.Debug|Any CPU.ActiveCfg = Debug|Any CPU
		{BE057A69-51C8-4518-8B8E-7E7D8956B959}.Debug|Any CPU.Build.0 = Debug|Any CPU
		{BE057A69-51C8-4518-8B8E-7E7D8956B959}.Release|Any CPU.ActiveCfg = Release|Any CPU
		{BE057A69-51C8-4518-8B8E-7E7D8956B959}.Release|Any CPU.Build.0 = Release|Any CPU
		{84BCDCFC-9166-4943-888D-E64E870E9A02}.Debug|Any CPU.ActiveCfg = Debug|Any CPU
		{84BCDCFC-9166-4943-888D-E64E870E9A02}.Debug|Any CPU.Build.0 = Debug|Any CPU
		{84BCDCFC-9166-4943-888D-E64E870E9A02}.Release|Any CPU.ActiveCfg = Release|Any CPU
		{84BCDCFC-9166-4943-888D-E64E870E9A02}.Release|Any CPU.Build.0 = Release|Any CPU
	EndGlobalSection
	GlobalSection(SolutionProperties) = preSolution
		HideSolutionNode = FALSE
	EndGlobalSection
	GlobalSection(NestedProjects) = preSolution
		{5E456D5F-BEE4-4CE7-90F2-DF9D61FBC484} = {A3D108DC-E0A6-47C0-84FF-C45145AE867A}
		{4C8783A3-7B38-466D-8181-84B06974BB97} = {A3D108DC-E0A6-47C0-84FF-C45145AE867A}
		{254E7169-FD6D-4481-AEBA-D73C52221E7F} = {A3D108DC-E0A6-47C0-84FF-C45145AE867A}
		{4313D74C-A5AF-4BE8-9649-F202D6749905} = {A3D108DC-E0A6-47C0-84FF-C45145AE867A}
		{5B99288C-7DA1-485D-89E4-810B250ED828} = {A3D108DC-E0A6-47C0-84FF-C45145AE867A}
		{2BA40817-93C1-4B20-8B8E-5A67AF437D92} = {A3D108DC-E0A6-47C0-84FF-C45145AE867A}
		{67A8CE98-A6E2-45E0-A4D8-6656B9EDEAE7} = {C4FBAC6F-E453-4A8A-8FCD-3C5001895320}
		{82E023AD-1DD9-4E56-9A7E-3067720247BB} = {415825A5-8E4D-440E-909F-30F80AC16AC8}
		{BC06A4FD-40D5-46F4-BE25-1045EFD0B354} = {415825A5-8E4D-440E-909F-30F80AC16AC8}
		{0DE2736A-EF9A-41E6-90CF-444710E1187C} = {415825A5-8E4D-440E-909F-30F80AC16AC8}
		{26451B34-6407-4BDE-B563-D3E790D548D3} = {415825A5-8E4D-440E-909F-30F80AC16AC8}
		{A07C123F-1423-47D7-AD1C-6BC582AFB0D2} = {3E49AE2B-4E36-41F6-8A93-C86A1BCA8930}
		{D3CF6E20-636F-4D79-A2DF-CA1A3FCEBDC0} = {3E49AE2B-4E36-41F6-8A93-C86A1BCA8930}
		{2335568F-D47B-4FD0-8882-B76A4745D67F} = {3E49AE2B-4E36-41F6-8A93-C86A1BCA8930}
		{7201A65C-1CE6-461B-8F41-444638755716} = {3E49AE2B-4E36-41F6-8A93-C86A1BCA8930}
		{2DC53609-69A1-45FE-A4A3-DBEBE7713AE9} = {415825A5-8E4D-440E-909F-30F80AC16AC8}
		{8E5D5D18-493F-440D-8C99-FCB94BE92EC6} = {3E49AE2B-4E36-41F6-8A93-C86A1BCA8930}
		{56280540-1790-40E3-B60D-924C7410160A} = {3E49AE2B-4E36-41F6-8A93-C86A1BCA8930}
		{480E5EE4-0BD3-405B-8C90-C89D306D20CF} = {3E49AE2B-4E36-41F6-8A93-C86A1BCA8930}
		{215D8440-E505-4541-AD6E-2FA67ECF7249} = {8CB09DF4-2AB6-4F07-BD43-D07808BE3B53}
		{1A50FC85-4202-46CB-AD16-72AC2F9259D6} = {8CB09DF4-2AB6-4F07-BD43-D07808BE3B53}
		{52B52A3D-009A-42AA-994A-E1C11C7B9A28} = {8CB09DF4-2AB6-4F07-BD43-D07808BE3B53}
		{2D9A08DD-76BE-48EA-9165-DB1B9D0EABE7} = {8CB09DF4-2AB6-4F07-BD43-D07808BE3B53}
		{054DD65B-5BCB-4BB3-B8E3-7EDFB8806982} = {8CB09DF4-2AB6-4F07-BD43-D07808BE3B53}
		{BE057A69-51C8-4518-8B8E-7E7D8956B959} = {8CB09DF4-2AB6-4F07-BD43-D07808BE3B53}
		{84BCDCFC-9166-4943-888D-E64E870E9A02} = {8CB09DF4-2AB6-4F07-BD43-D07808BE3B53}
	EndGlobalSection
	GlobalSection(ExtensibilityGlobals) = postSolution
		SolutionGuid = {AA95AA36-9D50-4834-B4BB-BCCCA76D8D85}
	EndGlobalSection
EndGlobal
